# This file was autogenerated by Stack.
# You should not edit this file by hand.
# For more information, please see the documentation at:
#   https://docs.haskellstack.org/en/stable/lock_files

packages:
- completed:
    hackage: grisette-0.1.0.0@sha256:ca830eb602be271d9120078fc59d7cbff7784fdc472d0d70ccd6d48e32e32c33,7531
    pantry-tree:
      sha256: 191fcb94efe2780212ddcac49c5e570b951353d8e5038ea05e5251b924ebe7a4
      size: 8585
  original:
    hackage: grisette-0.1.0.0
- completed:
    hackage: grisette-monad-coroutine-0.1.0.0@sha256:a0bccf6b5a5da33981efc7b9d2b41f09452c572ed3d9b42adcea10d19103f1fc,2290
    pantry-tree:
      sha256: faee6d8c536605da0f6736e34c6eaed3a35563cc29eb286a54c81d3af8d8712f
      size: 779
  original:
    hackage: grisette-monad-coroutine-0.1.0.0
snapshots:
- completed:
    sha256: 6d1532d40621957a25bad5195bfca7938e8a06d923c91bc52aa0f3c41181f2d4
    size: 619204
    url: https://raw.githubusercontent.com/commercialhaskell/stackage-snapshots/master/lts/19/33.yaml
  original:
    url: https://raw.githubusercontent.com/commercialhaskell/stackage-snapshots/master/lts/19/33.yaml
